
Microsoft Visual Studio Solution File, Format Version 12.00
# Visual Studio Version 16
VisualStudioVersion = 16.0.28803.352
MinimumVisualStudioVersion = 10.0.40219.1
Project("{9A19103F-16F7-4668-BE54-9A1E7A4F7556}") = "cqrsLib", "src\cqrsLib\cqrsLib.csproj", "{1B65EC6A-B7F0-4FE4-ADC7-810CDACF8B06}"
EndProject
Project("{2150E333-8FDC-42A3-9474-1A3956D46DE8}") = "src", "src", "{2865FAAA-5798-4081-8E23-16993DF810F0}"
EndProject
Project("{2150E333-8FDC-42A3-9474-1A3956D46DE8}") = "test", "test", "{E1463222-CB7B-4289-BBE9-D9325A66F621}"
EndProject
Project("{9A19103F-16F7-4668-BE54-9A1E7A4F7556}") = "cqrs.test", "test\cqrs.test\cqrs.test.csproj", "{F80794C4-65C8-4BFA-9E3F-0A5CB899E22F}"
EndProject
Project("{9A19103F-16F7-4668-BE54-9A1E7A4F7556}") = "WebApplication1", "src\WebApplication1\WebApplication1.csproj", "{7EEB6CCF-18F8-46D7-876D-EFC9CAAC60E2}"
EndProject
Project("{FAE04EC0-301F-11D3-BF4B-00C04F79EFBC}") = "grpcLib", "grpcLib\grpcLib.csproj", "{13CF3A6D-D2F0-44CA-B182-27AB049EA553}"
EndProject
Global
	GlobalSection(SolutionConfigurationPlatforms) = preSolution
		Debug|Any CPU = Debug|Any CPU
		Release|Any CPU = Release|Any CPU
	EndGlobalSection
	GlobalSection(ProjectConfigurationPlatforms) = postSolution
		{1B65EC6A-B7F0-4FE4-ADC7-810CDACF8B06}.Debug|Any CPU.ActiveCfg = Debug|Any CPU
		{1B65EC6A-B7F0-4FE4-ADC7-810CDACF8B06}.Debug|Any CPU.Build.0 = Debug|Any CPU
		{1B65EC6A-B7F0-4FE4-ADC7-810CDACF8B06}.Release|Any CPU.ActiveCfg = Release|Any CPU
		{1B65EC6A-B7F0-4FE4-ADC7-810CDACF8B06}.Release|Any CPU.Build.0 = Release|Any CPU
		{F80794C4-65C8-4BFA-9E3F-0A5CB899E22F}.Debug|Any CPU.ActiveCfg = Debug|Any CPU
		{F80794C4-65C8-4BFA-9E3F-0A5CB899E22F}.Debug|Any CPU.Build.0 = Debug|Any CPU
		{F80794C4-65C8-4BFA-9E3F-0A5CB899E22F}.Release|Any CPU.ActiveCfg = Release|Any CPU
		{F80794C4-65C8-4BFA-9E3F-0A5CB899E22F}.Release|Any CPU.Build.0 = Release|Any CPU
		{7EEB6CCF-18F8-46D7-876D-EFC9CAAC60E2}.Debug|Any CPU.ActiveCfg = Debug|Any CPU
		{7EEB6CCF-18F8-46D7-876D-EFC9CAAC60E2}.Debug|Any CPU.Build.0 = Debug|Any CPU
		{7EEB6CCF-18F8-46D7-876D-EFC9CAAC60E2}.Release|Any CPU.ActiveCfg = Release|Any CPU
		{7EEB6CCF-18F8-46D7-876D-EFC9CAAC60E2}.Release|Any CPU.Build.0 = Release|Any CPU
		{13CF3A6D-D2F0-44CA-B182-27AB049EA553}.Debug|Any CPU.ActiveCfg = Debug|Any CPU
		{13CF3A6D-D2F0-44CA-B182-27AB049EA553}.Debug|Any CPU.Build.0 = Debug|Any CPU
		{13CF3A6D-D2F0-44CA-B182-27AB049EA553}.Release|Any CPU.ActiveCfg = Release|Any CPU
		{13CF3A6D-D2F0-44CA-B182-27AB049EA553}.Release|Any CPU.Build.0 = Release|Any CPU
	EndGlobalSection
	GlobalSection(SolutionProperties) = preSolution
		HideSolutionNode = FALSE
	EndGlobalSection
	GlobalSection(NestedProjects) = preSolution
		{1B65EC6A-B7F0-4FE4-ADC7-810CDACF8B06} = {2865FAAA-5798-4081-8E23-16993DF810F0}
		{F80794C4-65C8-4BFA-9E3F-0A5CB899E22F} = {E1463222-CB7B-4289-BBE9-D9325A66F621}
		{7EEB6CCF-18F8-46D7-876D-EFC9CAAC60E2} = {2865FAAA-5798-4081-8E23-16993DF810F0}
		{13CF3A6D-D2F0-44CA-B182-27AB049EA553} = {2865FAAA-5798-4081-8E23-16993DF810F0}
	EndGlobalSection
	GlobalSection(ExtensibilityGlobals) = postSolution
		SolutionGuid = {0B8AB9F3-93A9-4AC3-B950-A70523366354}
	EndGlobalSection
EndGlobal
