
Microsoft Visual Studio Solution File, Format Version 12.00
# Visual Studio Version 16
VisualStudioVersion = 16.0.28803.352
MinimumVisualStudioVersion = 10.0.40219.1
Project("{9A19103F-16F7-4668-BE54-9A1E7A4F7556}") = "cqrsLib", "src\cqrsLib\cqrsLib.csproj", "{1B65EC6A-B7F0-4FE4-ADC7-810CDACF8B06}"
EndProject
Project("{2150E333-8FDC-42A3-9474-1A3956D46DE8}") = "src", "src", "{2865FAAA-5798-4081-8E23-16993DF810F0}"
EndProject
Project("{2150E333-8FDC-42A3-9474-1A3956D46DE8}") = "test", "test", "{E1463222-CB7B-4289-BBE9-D9325A66F621}"
EndProject
Project("{9A19103F-16F7-4668-BE54-9A1E7A4F7556}") = "cqrs.test", "test\cqrs.test\cqrs.test.csproj", "{F80794C4-65C8-4BFA-9E3F-0A5CB899E22F}"
EndProject
Project("{9A19103F-16F7-4668-BE54-9A1E7A4F7556}") = "grpcServer", "src\grpcServer\grpcServer.csproj", "{3153E72D-9C1B-4376-92C4-B36F410D2F19}"
EndProject
Project("{FAE04EC0-301F-11D3-BF4B-00C04F79EFBC}") = "GrpcCli", "src\GrpcCli\GrpcCli.csproj", "{D4C78364-4637-41A5-9FDF-491B1F51A447}"
EndProject
Global
	GlobalSection(SolutionConfigurationPlatforms) = preSolution
		Debug|Any CPU = Debug|Any CPU
		Release|Any CPU = Release|Any CPU
	EndGlobalSection
	GlobalSection(ProjectConfigurationPlatforms) = postSolution
		{1B65EC6A-B7F0-4FE4-ADC7-810CDACF8B06}.Debug|Any CPU.ActiveCfg = Debug|Any CPU
		{1B65EC6A-B7F0-4FE4-ADC7-810CDACF8B06}.Debug|Any CPU.Build.0 = Debug|Any CPU
		{1B65EC6A-B7F0-4FE4-ADC7-810CDACF8B06}.Release|Any CPU.ActiveCfg = Release|Any CPU
		{1B65EC6A-B7F0-4FE4-ADC7-810CDACF8B06}.Release|Any CPU.Build.0 = Release|Any CPU
		{F80794C4-65C8-4BFA-9E3F-0A5CB899E22F}.Debug|Any CPU.ActiveCfg = Debug|Any CPU
		{F80794C4-65C8-4BFA-9E3F-0A5CB899E22F}.Debug|Any CPU.Build.0 = Debug|Any CPU
		{F80794C4-65C8-4BFA-9E3F-0A5CB899E22F}.Release|Any CPU.ActiveCfg = Release|Any CPU
		{F80794C4-65C8-4BFA-9E3F-0A5CB899E22F}.Release|Any CPU.Build.0 = Release|Any CPU
		{3153E72D-9C1B-4376-92C4-B36F410D2F19}.Debug|Any CPU.ActiveCfg = Debug|Any CPU
		{3153E72D-9C1B-4376-92C4-B36F410D2F19}.Debug|Any CPU.Build.0 = Debug|Any CPU
		{3153E72D-9C1B-4376-92C4-B36F410D2F19}.Release|Any CPU.ActiveCfg = Release|Any CPU
		{3153E72D-9C1B-4376-92C4-B36F410D2F19}.Release|Any CPU.Build.0 = Release|Any CPU
		{D4C78364-4637-41A5-9FDF-491B1F51A447}.Debug|Any CPU.ActiveCfg = Debug|Any CPU
		{D4C78364-4637-41A5-9FDF-491B1F51A447}.Debug|Any CPU.Build.0 = Debug|Any CPU
		{D4C78364-4637-41A5-9FDF-491B1F51A447}.Release|Any CPU.ActiveCfg = Release|Any CPU
		{D4C78364-4637-41A5-9FDF-491B1F51A447}.Release|Any CPU.Build.0 = Release|Any CPU
	EndGlobalSection
	GlobalSection(SolutionProperties) = preSolution
		HideSolutionNode = FALSE
	EndGlobalSection
	GlobalSection(NestedProjects) = preSolution
		{1B65EC6A-B7F0-4FE4-ADC7-810CDACF8B06} = {2865FAAA-5798-4081-8E23-16993DF810F0}
		{F80794C4-65C8-4BFA-9E3F-0A5CB899E22F} = {E1463222-CB7B-4289-BBE9-D9325A66F621}
		{3153E72D-9C1B-4376-92C4-B36F410D2F19} = {2865FAAA-5798-4081-8E23-16993DF810F0}
		{D4C78364-4637-41A5-9FDF-491B1F51A447} = {2865FAAA-5798-4081-8E23-16993DF810F0}
	EndGlobalSection
	GlobalSection(ExtensibilityGlobals) = postSolution
		SolutionGuid = {0B8AB9F3-93A9-4AC3-B950-A70523366354}
	EndGlobalSection
EndGlobal
